
Microsoft Visual Studio Solution File, Format Version 12.00
# Visual Studio Version 17
VisualStudioVersion = 17.1.32328.378
MinimumVisualStudioVersion = 10.0.40219.1
Project("{9A19103F-16F7-4668-BE54-9A1E7A4F7556}") = "SP", "SP\SP.csproj", "{DA72007A-CFAE-4C16-8C6F-69150879D4BC}"
EndProject
Project("{FAE04EC0-301F-11D3-BF4B-00C04F79EFBC}") = "SP.Test", "SP.Test\SP.Test.csproj", "{053E8F09-38AA-445F-B09C-505ED9A48374}"
EndProject
Global
	GlobalSection(SolutionConfigurationPlatforms) = preSolution
		Debug|Any CPU = Debug|Any CPU
		Release|Any CPU = Release|Any CPU
	EndGlobalSection
	GlobalSection(ProjectConfigurationPlatforms) = postSolution
		{DA72007A-CFAE-4C16-8C6F-69150879D4BC}.Debug|Any CPU.ActiveCfg = Debug|Any CPU
		{DA72007A-CFAE-4C16-8C6F-69150879D4BC}.Debug|Any CPU.Build.0 = Debug|Any CPU
		{DA72007A-CFAE-4C16-8C6F-69150879D4BC}.Release|Any CPU.ActiveCfg = Release|Any CPU
		{DA72007A-CFAE-4C16-8C6F-69150879D4BC}.Release|Any CPU.Build.0 = Release|Any CPU
		{053E8F09-38AA-445F-B09C-505ED9A48374}.Debug|Any CPU.ActiveCfg = Debug|Any CPU
		{053E8F09-38AA-445F-B09C-505ED9A48374}.Debug|Any CPU.Build.0 = Debug|Any CPU
		{053E8F09-38AA-445F-B09C-505ED9A48374}.Release|Any CPU.ActiveCfg = Release|Any CPU
		{053E8F09-38AA-445F-B09C-505ED9A48374}.Release|Any CPU.Build.0 = Release|Any CPU
	EndGlobalSection
	GlobalSection(SolutionProperties) = preSolution
		HideSolutionNode = FALSE
	EndGlobalSection
	GlobalSection(ExtensibilityGlobals) = postSolution
		SolutionGuid = {95704960-E52A-4805-86DC-176A47C08AFB}
	EndGlobalSection
EndGlobal
